# Generated by move; do not edit
# This file should be checked in.

[move]
version = 4

[pinned.localnet.MoveStdlib]
source = { git = "https://github.com/MystenLabs/sui.git", subdir = "crates/sui-framework/packages/move-stdlib", rev = "2f5992f189cd24445cd010ccf0aa7ff418ff93b1" }
use_environment = "localnet"
manifest_digest = "C4FE4C91DE74CBF223B2E380AE40F592177D21870DC2D7EB6227D2D694E05363"
deps = {}

[pinned.localnet.Sui]
source = { git = "https://github.com/MystenLabs/sui.git", subdir = "crates/sui-framework/packages/sui-framework", rev = "2f5992f189cd24445cd010ccf0aa7ff418ff93b1" }
use_environment = "localnet"
manifest_digest = "CC15CB146CA1113370B03476BFF694B88F43F77D8DEE7C23CC0C78AB0634420D"
deps = { MoveStdlib = "MoveStdlib" }

[pinned.localnet.open_art_market]
source = { root = true }
use_environment = "localnet"
manifest_digest = "45311F36B64D84E9E6FC2243E60BB60949DFF7FD5F87DA53B2BD39EE7448922B"
deps = { Sui = "Sui" }
